
Microsoft Visual Studio Solution File, Format Version 12.00
# Visual Studio 14
VisualStudioVersion = 14.0.23107.0
MinimumVisualStudioVersion = 10.0.40219.1
Project("{FAE04EC0-301F-11D3-BF4B-00C04F79EFBC}") = "m9_demo_inheritance", "m7_demo_inheritance\m9_demo_inheritance.csproj", "{5E337BD9-0B16-41EC-A0E1-82A3A8AFED75}"
EndProject
Global
	GlobalSection(SolutionConfigurationPlatforms) = preSolution
		Debug|Any CPU = Debug|Any CPU
		Release|Any CPU = Release|Any CPU
	EndGlobalSection
	GlobalSection(ProjectConfigurationPlatforms) = postSolution
		{5E337BD9-0B16-41EC-A0E1-82A3A8AFED75}.Debug|Any CPU.ActiveCfg = Debug|Any CPU
		{5E337BD9-0B16-41EC-A0E1-82A3A8AFED75}.Debug|Any CPU.Build.0 = Debug|Any CPU
		{5E337BD9-0B16-41EC-A0E1-82A3A8AFED75}.Release|Any CPU.ActiveCfg = Release|Any CPU
		{5E337BD9-0B16-41EC-A0E1-82A3A8AFED75}.Release|Any CPU.Build.0 = Release|Any CPU
	EndGlobalSection
	GlobalSection(SolutionProperties) = preSolution
		HideSolutionNode = FALSE
	EndGlobalSection
EndGlobal
